
Microsoft Visual Studio Solution File, Format Version 12.00
# Visual Studio Version 17
VisualStudioVersion = 17.3.32811.315
MinimumVisualStudioVersion = 10.0.40219.1
Project("{FAE04EC0-301F-11D3-BF4B-00C04F79EFBC}") = "Prueba1", "Prueba1.csproj", "{B18BC76D-EA2A-4601-8A31-1EE0DA11003A}"
EndProject
Global
	GlobalSection(SolutionConfigurationPlatforms) = preSolution
		Debug|Any CPU = Debug|Any CPU
		Release|Any CPU = Release|Any CPU
	EndGlobalSection
	GlobalSection(ProjectConfigurationPlatforms) = postSolution
		{B18BC76D-EA2A-4601-8A31-1EE0DA11003A}.Debug|Any CPU.ActiveCfg = Debug|Any CPU
		{B18BC76D-EA2A-4601-8A31-1EE0DA11003A}.Debug|Any CPU.Build.0 = Debug|Any CPU
		{B18BC76D-EA2A-4601-8A31-1EE0DA11003A}.Release|Any CPU.ActiveCfg = Release|Any CPU
		{B18BC76D-EA2A-4601-8A31-1EE0DA11003A}.Release|Any CPU.Build.0 = Release|Any CPU
	EndGlobalSection
	GlobalSection(SolutionProperties) = preSolution
		HideSolutionNode = FALSE
	EndGlobalSection
	GlobalSection(ExtensibilityGlobals) = postSolution
		SolutionGuid = {63053C5C-1082-49BA-8AD8-DD6AE91F87D3}
	EndGlobalSection
EndGlobal
